// !$*UTF8*$!
{
	archiveVersion = 1;
	classes = {
	};
	objectVersion = 46;
	objects = {

/* Begin PBXBuildFile section */
		E201C4111DC8E11900B8F99F /* GeneratorFactory.swift in Sources */ = {isa = PBXBuildFile; fileRef = E201C4101DC8E11900B8F99F /* GeneratorFactory.swift */; };
		E20F0F051DC6707B002A7389 /* Generator.swift in Sources */ = {isa = PBXBuildFile; fileRef = E20F0F041DC6707B002A7389 /* Generator.swift */; };
		E20F0F071DC769DC002A7389 /* GeneratorStructure.swift in Sources */ = {isa = PBXBuildFile; fileRef = E20F0F061DC769DC002A7389 /* GeneratorStructure.swift */; };
		E20F9C431E02FB1B004430C6 /* VariableDelay.swift in Sources */ = {isa = PBXBuildFile; fileRef = E20F9C421E02FB1B004430C6 /* VariableDelay.swift */; };
		E20F9C481E02FDF6004430C6 /* DryWetMixer.swift in Sources */ = {isa = PBXBuildFile; fileRef = E20F9C471E02FDF6004430C6 /* DryWetMixer.swift */; };
		E20F9C4B1E030C06004430C6 /* Reverb.swift in Sources */ = {isa = PBXBuildFile; fileRef = E20F9C4A1E030C06004430C6 /* Reverb.swift */; };
		E21025BB1DFEF8FD00140230 /* ADSREnvelope.swift in Sources */ = {isa = PBXBuildFile; fileRef = E21025BA1DFEF8FD00140230 /* ADSREnvelope.swift */; };
		E215BD141DC388FC007410B1 /* GeneratorProtocol.swift in Sources */ = {isa = PBXBuildFile; fileRef = E215BD131DC388FC007410B1 /* GeneratorProtocol.swift */; };
		E24E30261DC2754D00E6D6BD /* AppDelegate.swift in Sources */ = {isa = PBXBuildFile; fileRef = E24E30251DC2754D00E6D6BD /* AppDelegate.swift */; };
		E24E30281DC2754D00E6D6BD /* ViewController.swift in Sources */ = {isa = PBXBuildFile; fileRef = E24E30271DC2754D00E6D6BD /* ViewController.swift */; };
		E24E302B1DC2754D00E6D6BD /* Main.storyboard in Resources */ = {isa = PBXBuildFile; fileRef = E24E30291DC2754D00E6D6BD /* Main.storyboard */; };
		E24E302D1DC2754D00E6D6BD /* Assets.xcassets in Resources */ = {isa = PBXBuildFile; fileRef = E24E302C1DC2754D00E6D6BD /* Assets.xcassets */; };
		E24E30301DC2754D00E6D6BD /* LaunchScreen.storyboard in Resources */ = {isa = PBXBuildFile; fileRef = E24E302E1DC2754D00E6D6BD /* LaunchScreen.storyboard */; };
		E24E303B1DC2754D00E6D6BD /* SuperSynthProTests.swift in Sources */ = {isa = PBXBuildFile; fileRef = E24E303A1DC2754D00E6D6BD /* SuperSynthProTests.swift */; };
		E24E30561DC27DCA00E6D6BD /* AudioKit.framework in Frameworks */ = {isa = PBXBuildFile; fileRef = E24E30551DC27DCA00E6D6BD /* AudioKit.framework */; };
		E24E30571DC27DCA00E6D6BD /* AudioKit.framework in Embed Frameworks */ = {isa = PBXBuildFile; fileRef = E24E30551DC27DCA00E6D6BD /* AudioKit.framework */; settings = {ATTRIBUTES = (CodeSignOnCopy, RemoveHeadersOnCopy, ); }; };
		E24E30601DC2892F00E6D6BD /* OscillatorCollection.swift in Sources */ = {isa = PBXBuildFile; fileRef = E24E305F1DC2892F00E6D6BD /* OscillatorCollection.swift */; };
		E2531F901E01A0B500548B4B /* Knob.swift in Sources */ = {isa = PBXBuildFile; fileRef = E2531F8F1E01A0B500548B4B /* Knob.swift */; };
		E2BE052C1DC617A00004CADD /* SoundCustomisationViewController.swift in Sources */ = {isa = PBXBuildFile; fileRef = E2BE052B1DC617A00004CADD /* SoundCustomisationViewController.swift */; };
		E2BE05481DC61D3F0004CADD /* DatabaseConnector.swift in Sources */ = {isa = PBXBuildFile; fileRef = E2BE05471DC61D3F0004CADD /* DatabaseConnector.swift */; };
		E2BE054E1DC61E3D0004CADD /* SQLite.framework in Frameworks */ = {isa = PBXBuildFile; fileRef = E2BE05391DC61CFE0004CADD /* SQLite.framework */; };
		E2BE054F1DC61E3D0004CADD /* SQLite.framework in Embed Frameworks */ = {isa = PBXBuildFile; fileRef = E2BE05391DC61CFE0004CADD /* SQLite.framework */; settings = {ATTRIBUTES = (CodeSignOnCopy, RemoveHeadersOnCopy, ); }; };
		E2D64F1D1DC4F5240074A86A /* OscillatorStructure.swift in Sources */ = {isa = PBXBuildFile; fileRef = E2D64F1C1DC4F5240074A86A /* OscillatorStructure.swift */; };
		E2D64F231DC517120074A86A /* Wave.swift in Sources */ = {isa = PBXBuildFile; fileRef = E2D64F221DC517120074A86A /* Wave.swift */; };
		E2F17D181DC66D1700FAB9AE /* GeneratorTable.swift in Sources */ = {isa = PBXBuildFile; fileRef = E2F17D171DC66D1700FAB9AE /* GeneratorTable.swift */; };
		E2F17D1A1DC66D7200FAB9AE /* OscillatorAmplitudeTable.swift in Sources */ = {isa = PBXBuildFile; fileRef = E2F17D191DC66D7200FAB9AE /* OscillatorAmplitudeTable.swift */; };
		E2F17D1C1DC66D8400FAB9AE /* OscillatorWaveTypeTable.swift in Sources */ = {isa = PBXBuildFile; fileRef = E2F17D1B1DC66D8400FAB9AE /* OscillatorWaveTypeTable.swift */; };
/* End PBXBuildFile section */

/* Begin PBXContainerItemProxy section */
		E24E30371DC2754D00E6D6BD /* PBXContainerItemProxy */ = {
			isa = PBXContainerItemProxy;
			containerPortal = E24E301A1DC2754D00E6D6BD /* Project object */;
			proxyType = 1;
			remoteGlobalIDString = E24E30211DC2754D00E6D6BD;
			remoteInfo = SuperSynthPro;
		};
		E2BE05381DC61CFE0004CADD /* PBXContainerItemProxy */ = {
			isa = PBXContainerItemProxy;
			containerPortal = E2BE052E1DC61CFE0004CADD /* SQLite.xcodeproj */;
			proxyType = 2;
			remoteGlobalIDString = EE247AD31C3F04ED00AE3E12;
			remoteInfo = "SQLite iOS";
		};
		E2BE053A1DC61CFE0004CADD /* PBXContainerItemProxy */ = {
			isa = PBXContainerItemProxy;
			containerPortal = E2BE052E1DC61CFE0004CADD /* SQLite.xcodeproj */;
			proxyType = 2;
			remoteGlobalIDString = EE247ADD1C3F04ED00AE3E12;
			remoteInfo = "SQLiteTests iOS";
		};
		E2BE053C1DC61CFE0004CADD /* PBXContainerItemProxy */ = {
			isa = PBXContainerItemProxy;
			containerPortal = E2BE052E1DC61CFE0004CADD /* SQLite.xcodeproj */;
			proxyType = 2;
			remoteGlobalIDString = EE247B3C1C3F3ED000AE3E12;
			remoteInfo = "SQLite Mac";
		};
		E2BE053E1DC61CFE0004CADD /* PBXContainerItemProxy */ = {
			isa = PBXContainerItemProxy;
			containerPortal = E2BE052E1DC61CFE0004CADD /* SQLite.xcodeproj */;
			proxyType = 2;
			remoteGlobalIDString = EE247B451C3F3ED000AE3E12;
			remoteInfo = "SQLiteTests Mac";
		};
		E2BE05401DC61CFE0004CADD /* PBXContainerItemProxy */ = {
			isa = PBXContainerItemProxy;
			containerPortal = E2BE052E1DC61CFE0004CADD /* SQLite.xcodeproj */;
			proxyType = 2;
			remoteGlobalIDString = 03A65E5A1C6BB0F50062603F;
			remoteInfo = "SQLite tvOS";
		};
		E2BE05421DC61CFE0004CADD /* PBXContainerItemProxy */ = {
			isa = PBXContainerItemProxy;
			containerPortal = E2BE052E1DC61CFE0004CADD /* SQLite.xcodeproj */;
			proxyType = 2;
			remoteGlobalIDString = 03A65E631C6BB0F60062603F;
			remoteInfo = "SQLiteTests tvOS";
		};
		E2BE05441DC61CFE0004CADD /* PBXContainerItemProxy */ = {
			isa = PBXContainerItemProxy;
			containerPortal = E2BE052E1DC61CFE0004CADD /* SQLite.xcodeproj */;
			proxyType = 2;
			remoteGlobalIDString = A121AC451CA35C79005A31D1;
			remoteInfo = "SQLite watchOS";
		};
		E2BE05501DC61E3D0004CADD /* PBXContainerItemProxy */ = {
			isa = PBXContainerItemProxy;
			containerPortal = E2BE052E1DC61CFE0004CADD /* SQLite.xcodeproj */;
			proxyType = 1;
			remoteGlobalIDString = EE247AD21C3F04ED00AE3E12;
			remoteInfo = "SQLite iOS";
		};
/* End PBXContainerItemProxy section */

/* Begin PBXCopyFilesBuildPhase section */
		E24E30581DC27DCA00E6D6BD /* Embed Frameworks */ = {
			isa = PBXCopyFilesBuildPhase;
			buildActionMask = 2147483647;
			dstPath = "";
			dstSubfolderSpec = 10;
			files = (
				E2BE054F1DC61E3D0004CADD /* SQLite.framework in Embed Frameworks */,
				E24E30571DC27DCA00E6D6BD /* AudioKit.framework in Embed Frameworks */,
			);
			name = "Embed Frameworks";
			runOnlyForDeploymentPostprocessing = 0;
		};
/* End PBXCopyFilesBuildPhase section */

/* Begin PBXFileReference section */
		E201C4101DC8E11900B8F99F /* GeneratorFactory.swift */ = {isa = PBXFileReference; fileEncoding = 4; lastKnownFileType = sourcecode.swift; path = GeneratorFactory.swift; sourceTree = "<group>"; };
		E20F0F041DC6707B002A7389 /* Generator.swift */ = {isa = PBXFileReference; fileEncoding = 4; lastKnownFileType = sourcecode.swift; path = Generator.swift; sourceTree = "<group>"; };
		E20F0F061DC769DC002A7389 /* GeneratorStructure.swift */ = {isa = PBXFileReference; fileEncoding = 4; lastKnownFileType = sourcecode.swift; path = GeneratorStructure.swift; sourceTree = "<group>"; };
		E20F9C421E02FB1B004430C6 /* VariableDelay.swift */ = {isa = PBXFileReference; fileEncoding = 4; lastKnownFileType = sourcecode.swift; path = VariableDelay.swift; sourceTree = "<group>"; };
		E20F9C471E02FDF6004430C6 /* DryWetMixer.swift */ = {isa = PBXFileReference; fileEncoding = 4; lastKnownFileType = sourcecode.swift; path = DryWetMixer.swift; sourceTree = "<group>"; };
		E20F9C4A1E030C06004430C6 /* Reverb.swift */ = {isa = PBXFileReference; fileEncoding = 4; lastKnownFileType = sourcecode.swift; path = Reverb.swift; sourceTree = "<group>"; };
		E21025BA1DFEF8FD00140230 /* ADSREnvelope.swift */ = {isa = PBXFileReference; fileEncoding = 4; lastKnownFileType = sourcecode.swift; path = ADSREnvelope.swift; sourceTree = "<group>"; };
		E215BD131DC388FC007410B1 /* GeneratorProtocol.swift */ = {isa = PBXFileReference; fileEncoding = 4; lastKnownFileType = sourcecode.swift; path = GeneratorProtocol.swift; sourceTree = "<group>"; };
		E24E30221DC2754D00E6D6BD /* SuperSynthPro.app */ = {isa = PBXFileReference; explicitFileType = wrapper.application; includeInIndex = 0; path = SuperSynthPro.app; sourceTree = BUILT_PRODUCTS_DIR; };
		E24E30251DC2754D00E6D6BD /* AppDelegate.swift */ = {isa = PBXFileReference; lastKnownFileType = sourcecode.swift; path = AppDelegate.swift; sourceTree = "<group>"; };
		E24E30271DC2754D00E6D6BD /* ViewController.swift */ = {isa = PBXFileReference; lastKnownFileType = sourcecode.swift; path = ViewController.swift; sourceTree = "<group>"; };
		E24E302A1DC2754D00E6D6BD /* Base */ = {isa = PBXFileReference; lastKnownFileType = file.storyboard; name = Base; path = Base.lproj/Main.storyboard; sourceTree = "<group>"; };
		E24E302C1DC2754D00E6D6BD /* Assets.xcassets */ = {isa = PBXFileReference; lastKnownFileType = folder.assetcatalog; path = Assets.xcassets; sourceTree = "<group>"; };
		E24E302F1DC2754D00E6D6BD /* Base */ = {isa = PBXFileReference; lastKnownFileType = file.storyboard; name = Base; path = Base.lproj/LaunchScreen.storyboard; sourceTree = "<group>"; };
		E24E30311DC2754D00E6D6BD /* Info.plist */ = {isa = PBXFileReference; lastKnownFileType = text.plist.xml; path = Info.plist; sourceTree = "<group>"; };
		E24E30361DC2754D00E6D6BD /* SuperSynthProTests.xctest */ = {isa = PBXFileReference; explicitFileType = wrapper.cfbundle; includeInIndex = 0; path = SuperSynthProTests.xctest; sourceTree = BUILT_PRODUCTS_DIR; };
		E24E303A1DC2754D00E6D6BD /* SuperSynthProTests.swift */ = {isa = PBXFileReference; lastKnownFileType = sourcecode.swift; path = SuperSynthProTests.swift; sourceTree = "<group>"; };
		E24E303C1DC2754D00E6D6BD /* Info.plist */ = {isa = PBXFileReference; lastKnownFileType = text.plist.xml; path = Info.plist; sourceTree = "<group>"; };
		E24E30551DC27DCA00E6D6BD /* AudioKit.framework */ = {isa = PBXFileReference; lastKnownFileType = wrapper.framework; name = AudioKit.framework; path = "AudioKit-iOS/AudioKit.framework"; sourceTree = "<group>"; };
		E24E305F1DC2892F00E6D6BD /* OscillatorCollection.swift */ = {isa = PBXFileReference; fileEncoding = 4; lastKnownFileType = sourcecode.swift; path = OscillatorCollection.swift; sourceTree = "<group>"; };
		E2531F8F1E01A0B500548B4B /* Knob.swift */ = {isa = PBXFileReference; fileEncoding = 4; lastKnownFileType = sourcecode.swift; path = Knob.swift; sourceTree = "<group>"; };
		E2BE052B1DC617A00004CADD /* SoundCustomisationViewController.swift */ = {isa = PBXFileReference; fileEncoding = 4; lastKnownFileType = sourcecode.swift; path = SoundCustomisationViewController.swift; sourceTree = "<group>"; };
		E2BE052E1DC61CFE0004CADD /* SQLite.xcodeproj */ = {isa = PBXFileReference; lastKnownFileType = "wrapper.pb-project"; name = SQLite.xcodeproj; path = SQLite.swift/SQLite.xcodeproj; sourceTree = "<group>"; };
		E2BE05471DC61D3F0004CADD /* DatabaseConnector.swift */ = {isa = PBXFileReference; fileEncoding = 4; lastKnownFileType = sourcecode.swift; path = DatabaseConnector.swift; sourceTree = "<group>"; };
		E2D64F1C1DC4F5240074A86A /* OscillatorStructure.swift */ = {isa = PBXFileReference; fileEncoding = 4; lastKnownFileType = sourcecode.swift; path = OscillatorStructure.swift; sourceTree = "<group>"; };
		E2D64F221DC517120074A86A /* Wave.swift */ = {isa = PBXFileReference; fileEncoding = 4; lastKnownFileType = sourcecode.swift; path = Wave.swift; sourceTree = "<group>"; };
		E2F17D171DC66D1700FAB9AE /* GeneratorTable.swift */ = {isa = PBXFileReference; fileEncoding = 4; lastKnownFileType = sourcecode.swift; path = GeneratorTable.swift; sourceTree = "<group>"; };
		E2F17D191DC66D7200FAB9AE /* OscillatorAmplitudeTable.swift */ = {isa = PBXFileReference; fileEncoding = 4; lastKnownFileType = sourcecode.swift; path = OscillatorAmplitudeTable.swift; sourceTree = "<group>"; };
		E2F17D1B1DC66D8400FAB9AE /* OscillatorWaveTypeTable.swift */ = {isa = PBXFileReference; fileEncoding = 4; lastKnownFileType = sourcecode.swift; path = OscillatorWaveTypeTable.swift; sourceTree = "<group>"; };
/* End PBXFileReference section */

/* Begin PBXFrameworksBuildPhase section */
		E24E301F1DC2754D00E6D6BD /* Frameworks */ = {
			isa = PBXFrameworksBuildPhase;
			buildActionMask = 2147483647;
			files = (
				E2BE054E1DC61E3D0004CADD /* SQLite.framework in Frameworks */,
				E24E30561DC27DCA00E6D6BD /* AudioKit.framework in Frameworks */,
			);
			runOnlyForDeploymentPostprocessing = 0;
		};
		E24E30331DC2754D00E6D6BD /* Frameworks */ = {
			isa = PBXFrameworksBuildPhase;
			buildActionMask = 2147483647;
			files = (
			);
			runOnlyForDeploymentPostprocessing = 0;
		};
/* End PBXFrameworksBuildPhase section */

/* Begin PBXGroup section */
		E201C4181DCD1A0E00B8F99F /* Customisation */ = {
			isa = PBXGroup;
			children = (
				E201C41B1DCD1AB200B8F99F /* Structures */,
			);
			name = Customisation;
			sourceTree = "<group>";
		};
		E201C41B1DCD1AB200B8F99F /* Structures */ = {
			isa = PBXGroup;
			children = (
			);
			name = Structures;
			sourceTree = "<group>";
		};
		E20F0EFD1DC6704A002A7389 /* Models */ = {
			isa = PBXGroup;
			children = (
				E20F0F041DC6707B002A7389 /* Generator.swift */,
			);
			name = Models;
			sourceTree = "<group>";
		};
		E20F9C3B1E02FAFB004430C6 /* Delay */ = {
			isa = PBXGroup;
			children = (
				E20F9C421E02FB1B004430C6 /* VariableDelay.swift */,
			);
			name = Delay;
			sourceTree = "<group>";
		};
		E20F9C441E02FDBE004430C6 /* Mixer */ = {
			isa = PBXGroup;
			children = (
				E20F9C471E02FDF6004430C6 /* DryWetMixer.swift */,
			);
			name = Mixer;
			sourceTree = "<group>";
		};
		E20F9C491E030BFA004430C6 /* Reverb */ = {
			isa = PBXGroup;
			children = (
				E20F9C4A1E030C06004430C6 /* Reverb.swift */,
			);
			name = Reverb;
			sourceTree = "<group>";
		};
		E21025B31DFEF87100140230 /* Envelope */ = {
			isa = PBXGroup;
			children = (
				E21025BA1DFEF8FD00140230 /* ADSREnvelope.swift */,
			);
			name = Envelope;
			sourceTree = "<group>";
		};
		E223D42B1E00562900753049 /* Filters */ = {
			isa = PBXGroup;
			children = (
			);
			name = Filters;
			sourceTree = "<group>";
		};
		E223D4321E0078F700753049 /* UI */ = {
			isa = PBXGroup;
			children = (
				E223D4331E0078FE00753049 /* Knob */,
			);
			name = UI;
			sourceTree = "<group>";
		};
		E223D4331E0078FE00753049 /* Knob */ = {
			isa = PBXGroup;
			children = (
				E2531F8F1E01A0B500548B4B /* Knob.swift */,
			);
			name = Knob;
			sourceTree = "<group>";
		};
		E24E30191DC2754D00E6D6BD = {
			isa = PBXGroup;
			children = (
				E24E30551DC27DCA00E6D6BD /* AudioKit.framework */,
				E24E30241DC2754D00E6D6BD /* SuperSynthPro */,
				E24E30391DC2754D00E6D6BD /* SuperSynthProTests */,
				E24E30231DC2754D00E6D6BD /* Products */,
				E2BE052E1DC61CFE0004CADD /* SQLite.xcodeproj */,
			);
			sourceTree = "<group>";
		};
		E24E30231DC2754D00E6D6BD /* Products */ = {
			isa = PBXGroup;
			children = (
				E24E30221DC2754D00E6D6BD /* SuperSynthPro.app */,
				E24E30361DC2754D00E6D6BD /* SuperSynthProTests.xctest */,
			);
			name = Products;
			sourceTree = "<group>";
		};
		E24E30241DC2754D00E6D6BD /* SuperSynthPro */ = {
			isa = PBXGroup;
			children = (
				E223D4321E0078F700753049 /* UI */,
				E2BE052D1DC61C640004CADD /* DataLayer */,
				E24E30591DC281D300E6D6BD /* Synthesizer */,
				E24E30251DC2754D00E6D6BD /* AppDelegate.swift */,
				E24E30271DC2754D00E6D6BD /* ViewController.swift */,
				E24E30291DC2754D00E6D6BD /* Main.storyboard */,
				E24E302C1DC2754D00E6D6BD /* Assets.xcassets */,
				E24E302E1DC2754D00E6D6BD /* LaunchScreen.storyboard */,
				E24E30311DC2754D00E6D6BD /* Info.plist */,
				E2BE052B1DC617A00004CADD /* SoundCustomisationViewController.swift */,
			);
			path = SuperSynthPro;
			sourceTree = "<group>";
		};
		E24E30391DC2754D00E6D6BD /* SuperSynthProTests */ = {
			isa = PBXGroup;
			children = (
				E24E303A1DC2754D00E6D6BD /* SuperSynthProTests.swift */,
				E24E303C1DC2754D00E6D6BD /* Info.plist */,
			);
			path = SuperSynthProTests;
			sourceTree = "<group>";
		};
		E24E30591DC281D300E6D6BD /* Synthesizer */ = {
			isa = PBXGroup;
			children = (
				E20F9C491E030BFA004430C6 /* Reverb */,
				E20F9C441E02FDBE004430C6 /* Mixer */,
				E20F9C3B1E02FAFB004430C6 /* Delay */,
				E223D42B1E00562900753049 /* Filters */,
				E21025B31DFEF87100140230 /* Envelope */,
				E201C4181DCD1A0E00B8F99F /* Customisation */,
				E2D64F221DC517120074A86A /* Wave.swift */,
				E2D64F1B1DC4F5000074A86A /* Generators */,
			);
			name = Synthesizer;
			sourceTree = "<group>";
		};
		E2BE052D1DC61C640004CADD /* DataLayer */ = {
			isa = PBXGroup;
			children = (
				E20F0EFD1DC6704A002A7389 /* Models */,
				E2BE05521DC623430004CADD /* CreateTables */,
				E2BE05471DC61D3F0004CADD /* DatabaseConnector.swift */,
			);
			name = DataLayer;
			sourceTree = "<group>";
		};
		E2BE052F1DC61CFE0004CADD /* Products */ = {
			isa = PBXGroup;
			children = (
				E2BE05391DC61CFE0004CADD /* SQLite.framework */,
				E2BE053B1DC61CFE0004CADD /* SQLiteTests iOS.xctest */,
				E2BE053D1DC61CFE0004CADD /* SQLite.framework */,
				E2BE053F1DC61CFE0004CADD /* SQLiteTests Mac.xctest */,
				E2BE05411DC61CFE0004CADD /* SQLite.framework */,
				E2BE05431DC61CFE0004CADD /* SQLiteTests tvOS.xctest */,
				E2BE05451DC61CFE0004CADD /* SQLite.framework */,
			);
			name = Products;
			sourceTree = "<group>";
		};
		E2BE05521DC623430004CADD /* CreateTables */ = {
			isa = PBXGroup;
			children = (
				E2F17D171DC66D1700FAB9AE /* GeneratorTable.swift */,
				E2F17D191DC66D7200FAB9AE /* OscillatorAmplitudeTable.swift */,
				E2F17D1B1DC66D8400FAB9AE /* OscillatorWaveTypeTable.swift */,
			);
			name = CreateTables;
			sourceTree = "<group>";
		};
		E2D64F1B1DC4F5000074A86A /* Generators */ = {
			isa = PBXGroup;
			children = (
				E2D64F1F1DC4F55D0074A86A /* Protocols */,
				E2D64F1E1DC4F54C0074A86A /* Structures */,
				E24E305F1DC2892F00E6D6BD /* OscillatorCollection.swift */,
				E201C4101DC8E11900B8F99F /* GeneratorFactory.swift */,
			);
			name = Generators;
			sourceTree = "<group>";
		};
		E2D64F1E1DC4F54C0074A86A /* Structures */ = {
			isa = PBXGroup;
			children = (
				E2D64F1C1DC4F5240074A86A /* OscillatorStructure.swift */,
				E20F0F061DC769DC002A7389 /* GeneratorStructure.swift */,
			);
			name = Structures;
			sourceTree = "<group>";
		};
		E2D64F1F1DC4F55D0074A86A /* Protocols */ = {
			isa = PBXGroup;
			children = (
				E215BD131DC388FC007410B1 /* GeneratorProtocol.swift */,
			);
			name = Protocols;
			sourceTree = "<group>";
		};
/* End PBXGroup section */

/* Begin PBXNativeTarget section */
		E24E30211DC2754D00E6D6BD /* SuperSynthPro */ = {
			isa = PBXNativeTarget;
			buildConfigurationList = E24E303F1DC2754D00E6D6BD /* Build configuration list for PBXNativeTarget "SuperSynthPro" */;
			buildPhases = (
				E24E301E1DC2754D00E6D6BD /* Sources */,
				E24E301F1DC2754D00E6D6BD /* Frameworks */,
				E24E30201DC2754D00E6D6BD /* Resources */,
				E24E30581DC27DCA00E6D6BD /* Embed Frameworks */,
			);
			buildRules = (
			);
			dependencies = (
				E2BE05511DC61E3D0004CADD /* PBXTargetDependency */,
			);
			name = SuperSynthPro;
			productName = SuperSynthPro;
			productReference = E24E30221DC2754D00E6D6BD /* SuperSynthPro.app */;
			productType = "com.apple.product-type.application";
		};
		E24E30351DC2754D00E6D6BD /* SuperSynthProTests */ = {
			isa = PBXNativeTarget;
			buildConfigurationList = E24E30421DC2754D00E6D6BD /* Build configuration list for PBXNativeTarget "SuperSynthProTests" */;
			buildPhases = (
				E24E30321DC2754D00E6D6BD /* Sources */,
				E24E30331DC2754D00E6D6BD /* Frameworks */,
				E24E30341DC2754D00E6D6BD /* Resources */,
			);
			buildRules = (
			);
			dependencies = (
				E24E30381DC2754D00E6D6BD /* PBXTargetDependency */,
			);
			name = SuperSynthProTests;
			productName = SuperSynthProTests;
			productReference = E24E30361DC2754D00E6D6BD /* SuperSynthProTests.xctest */;
			productType = "com.apple.product-type.bundle.unit-test";
		};
/* End PBXNativeTarget section */

/* Begin PBXProject section */
		E24E301A1DC2754D00E6D6BD /* Project object */ = {
			isa = PBXProject;
			attributes = {
				LastSwiftUpdateCheck = 0800;
				LastUpgradeCheck = 0800;
				ORGANIZATIONNAME = "Tom Butts";
				TargetAttributes = {
					E24E30211DC2754D00E6D6BD = {
						CreatedOnToolsVersion = 8.0;
						ProvisioningStyle = Automatic;
					};
					E24E30351DC2754D00E6D6BD = {
						CreatedOnToolsVersion = 8.0;
						ProvisioningStyle = Automatic;
						TestTargetID = E24E30211DC2754D00E6D6BD;
					};
				};
			};
			buildConfigurationList = E24E301D1DC2754D00E6D6BD /* Build configuration list for PBXProject "SuperSynthPro" */;
			compatibilityVersion = "Xcode 3.2";
			developmentRegion = English;
			hasScannedForEncodings = 0;
			knownRegions = (
				en,
				Base,
			);
			mainGroup = E24E30191DC2754D00E6D6BD;
			productRefGroup = E24E30231DC2754D00E6D6BD /* Products */;
			projectDirPath = "";
			projectReferences = (
				{
					ProductGroup = E2BE052F1DC61CFE0004CADD /* Products */;
					ProjectRef = E2BE052E1DC61CFE0004CADD /* SQLite.xcodeproj */;
				},
			);
			projectRoot = "";
			targets = (
				E24E30211DC2754D00E6D6BD /* SuperSynthPro */,
				E24E30351DC2754D00E6D6BD /* SuperSynthProTests */,
			);
		};
/* End PBXProject section */

/* Begin PBXReferenceProxy section */
		E2BE05391DC61CFE0004CADD /* SQLite.framework */ = {
			isa = PBXReferenceProxy;
			fileType = wrapper.framework;
			path = SQLite.framework;
			remoteRef = E2BE05381DC61CFE0004CADD /* PBXContainerItemProxy */;
			sourceTree = BUILT_PRODUCTS_DIR;
		};
		E2BE053B1DC61CFE0004CADD /* SQLiteTests iOS.xctest */ = {
			isa = PBXReferenceProxy;
			fileType = wrapper.cfbundle;
			path = "SQLiteTests iOS.xctest";
			remoteRef = E2BE053A1DC61CFE0004CADD /* PBXContainerItemProxy */;
			sourceTree = BUILT_PRODUCTS_DIR;
		};
		E2BE053D1DC61CFE0004CADD /* SQLite.framework */ = {
			isa = PBXReferenceProxy;
			fileType = wrapper.framework;
			path = SQLite.framework;
			remoteRef = E2BE053C1DC61CFE0004CADD /* PBXContainerItemProxy */;
			sourceTree = BUILT_PRODUCTS_DIR;
		};
		E2BE053F1DC61CFE0004CADD /* SQLiteTests Mac.xctest */ = {
			isa = PBXReferenceProxy;
			fileType = wrapper.cfbundle;
			path = "SQLiteTests Mac.xctest";
			remoteRef = E2BE053E1DC61CFE0004CADD /* PBXContainerItemProxy */;
			sourceTree = BUILT_PRODUCTS_DIR;
		};
		E2BE05411DC61CFE0004CADD /* SQLite.framework */ = {
			isa = PBXReferenceProxy;
			fileType = wrapper.framework;
			path = SQLite.framework;
			remoteRef = E2BE05401DC61CFE0004CADD /* PBXContainerItemProxy */;
			sourceTree = BUILT_PRODUCTS_DIR;
		};
		E2BE05431DC61CFE0004CADD /* SQLiteTests tvOS.xctest */ = {
			isa = PBXReferenceProxy;
			fileType = wrapper.cfbundle;
			path = "SQLiteTests tvOS.xctest";
			remoteRef = E2BE05421DC61CFE0004CADD /* PBXContainerItemProxy */;
			sourceTree = BUILT_PRODUCTS_DIR;
		};
		E2BE05451DC61CFE0004CADD /* SQLite.framework */ = {
			isa = PBXReferenceProxy;
			fileType = wrapper.framework;
			path = SQLite.framework;
			remoteRef = E2BE05441DC61CFE0004CADD /* PBXContainerItemProxy */;
			sourceTree = BUILT_PRODUCTS_DIR;
		};
/* End PBXReferenceProxy section */

/* Begin PBXResourcesBuildPhase section */
		E24E30201DC2754D00E6D6BD /* Resources */ = {
			isa = PBXResourcesBuildPhase;
			buildActionMask = 2147483647;
			files = (
				E24E30301DC2754D00E6D6BD /* LaunchScreen.storyboard in Resources */,
				E24E302D1DC2754D00E6D6BD /* Assets.xcassets in Resources */,
				E24E302B1DC2754D00E6D6BD /* Main.storyboard in Resources */,
			);
			runOnlyForDeploymentPostprocessing = 0;
		};
		E24E30341DC2754D00E6D6BD /* Resources */ = {
			isa = PBXResourcesBuildPhase;
			buildActionMask = 2147483647;
			files = (
			);
			runOnlyForDeploymentPostprocessing = 0;
		};
/* End PBXResourcesBuildPhase section */

/* Begin PBXSourcesBuildPhase section */
		E24E301E1DC2754D00E6D6BD /* Sources */ = {
			isa = PBXSourcesBuildPhase;
			buildActionMask = 2147483647;
			files = (
				E2D64F231DC517120074A86A /* Wave.swift in Sources */,
				E24E30281DC2754D00E6D6BD /* ViewController.swift in Sources */,
				E201C4111DC8E11900B8F99F /* GeneratorFactory.swift in Sources */,
				E2F17D181DC66D1700FAB9AE /* GeneratorTable.swift in Sources */,
				E20F9C481E02FDF6004430C6 /* DryWetMixer.swift in Sources */,
				E2BE05481DC61D3F0004CADD /* DatabaseConnector.swift in Sources */,
				E24E30601DC2892F00E6D6BD /* OscillatorCollection.swift in Sources */,
				E21025BB1DFEF8FD00140230 /* ADSREnvelope.swift in Sources */,
				E20F0F071DC769DC002A7389 /* GeneratorStructure.swift in Sources */,
				E2BE052C1DC617A00004CADD /* SoundCustomisationViewController.swift in Sources */,
				E2F17D1C1DC66D8400FAB9AE /* OscillatorWaveTypeTable.swift in Sources */,
				E2F17D1A1DC66D7200FAB9AE /* OscillatorAmplitudeTable.swift in Sources */,
				E24E30261DC2754D00E6D6BD /* AppDelegate.swift in Sources */,
				E20F9C431E02FB1B004430C6 /* VariableDelay.swift in Sources */,
				E20F9C4B1E030C06004430C6 /* Reverb.swift in Sources */,
				E20F0F051DC6707B002A7389 /* Generator.swift in Sources */,
				E215BD141DC388FC007410B1 /* GeneratorProtocol.swift in Sources */,
				E2D64F1D1DC4F5240074A86A /* OscillatorStructure.swift in Sources */,
				E2531F901E01A0B500548B4B /* Knob.swift in Sources */,
			);
			runOnlyForDeploymentPostprocessing = 0;
		};
		E24E30321DC2754D00E6D6BD /* Sources */ = {
			isa = PBXSourcesBuildPhase;
			buildActionMask = 2147483647;
			files = (
				E24E303B1DC2754D00E6D6BD /* SuperSynthProTests.swift in Sources */,
			);
			runOnlyForDeploymentPostprocessing = 0;
		};
/* End PBXSourcesBuildPhase section */

/* Begin PBXTargetDependency section */
		E24E30381DC2754D00E6D6BD /* PBXTargetDependency */ = {
			isa = PBXTargetDependency;
			target = E24E30211DC2754D00E6D6BD /* SuperSynthPro */;
			targetProxy = E24E30371DC2754D00E6D6BD /* PBXContainerItemProxy */;
		};
		E2BE05511DC61E3D0004CADD /* PBXTargetDependency */ = {
			isa = PBXTargetDependency;
			name = "SQLite iOS";
			targetProxy = E2BE05501DC61E3D0004CADD /* PBXContainerItemProxy */;
		};
/* End PBXTargetDependency section */

/* Begin PBXVariantGroup section */
		E24E30291DC2754D00E6D6BD /* Main.storyboard */ = {
			isa = PBXVariantGroup;
			children = (
				E24E302A1DC2754D00E6D6BD /* Base */,
			);
			name = Main.storyboard;
			sourceTree = "<group>";
		};
		E24E302E1DC2754D00E6D6BD /* LaunchScreen.storyboard */ = {
			isa = PBXVariantGroup;
			children = (
				E24E302F1DC2754D00E6D6BD /* Base */,
			);
			name = LaunchScreen.storyboard;
			sourceTree = "<group>";
		};
/* End PBXVariantGroup section */

/* Begin XCBuildConfiguration section */
		E24E303D1DC2754D00E6D6BD /* Debug */ = {
			isa = XCBuildConfiguration;
			buildSettings = {
				ALWAYS_SEARCH_USER_PATHS = NO;
				CLANG_ANALYZER_NONNULL = YES;
				CLANG_CXX_LANGUAGE_STANDARD = "gnu++0x";
				CLANG_CXX_LIBRARY = "libc++";
				CLANG_ENABLE_MODULES = YES;
				CLANG_ENABLE_OBJC_ARC = YES;
				CLANG_WARN_BOOL_CONVERSION = YES;
				CLANG_WARN_CONSTANT_CONVERSION = YES;
				CLANG_WARN_DIRECT_OBJC_ISA_USAGE = YES_ERROR;
				CLANG_WARN_DOCUMENTATION_COMMENTS = YES;
				CLANG_WARN_EMPTY_BODY = YES;
				CLANG_WARN_ENUM_CONVERSION = YES;
				CLANG_WARN_INFINITE_RECURSION = YES;
				CLANG_WARN_INT_CONVERSION = YES;
				CLANG_WARN_OBJC_ROOT_CLASS = YES_ERROR;
				CLANG_WARN_SUSPICIOUS_MOVES = YES;
				CLANG_WARN_UNREACHABLE_CODE = YES;
				CLANG_WARN__DUPLICATE_METHOD_MATCH = YES;
				"CODE_SIGN_IDENTITY[sdk=iphoneos*]" = "iPhone Developer";
				COPY_PHASE_STRIP = NO;
				DEBUG_INFORMATION_FORMAT = dwarf;
				ENABLE_STRICT_OBJC_MSGSEND = YES;
				ENABLE_TESTABILITY = YES;
				GCC_C_LANGUAGE_STANDARD = gnu99;
				GCC_DYNAMIC_NO_PIC = NO;
				GCC_NO_COMMON_BLOCKS = YES;
				GCC_OPTIMIZATION_LEVEL = 0;
				GCC_PREPROCESSOR_DEFINITIONS = (
					"DEBUG=1",
					"$(inherited)",
				);
				GCC_WARN_64_TO_32_BIT_CONVERSION = YES;
				GCC_WARN_ABOUT_RETURN_TYPE = YES_ERROR;
				GCC_WARN_UNDECLARED_SELECTOR = YES;
				GCC_WARN_UNINITIALIZED_AUTOS = YES_AGGRESSIVE;
				GCC_WARN_UNUSED_FUNCTION = YES;
				GCC_WARN_UNUSED_VARIABLE = YES;
				IPHONEOS_DEPLOYMENT_TARGET = 10.0;
				MTL_ENABLE_DEBUG_INFO = YES;
				ONLY_ACTIVE_ARCH = YES;
				SDKROOT = iphoneos;
				SWIFT_ACTIVE_COMPILATION_CONDITIONS = DEBUG;
				SWIFT_OPTIMIZATION_LEVEL = "-Onone";
				TARGETED_DEVICE_FAMILY = 2;
			};
			name = Debug;
		};
		E24E303E1DC2754D00E6D6BD /* Release */ = {
			isa = XCBuildConfiguration;
			buildSettings = {
				ALWAYS_SEARCH_USER_PATHS = NO;
				CLANG_ANALYZER_NONNULL = YES;
				CLANG_CXX_LANGUAGE_STANDARD = "gnu++0x";
				CLANG_CXX_LIBRARY = "libc++";
				CLANG_ENABLE_MODULES = YES;
				CLANG_ENABLE_OBJC_ARC = YES;
				CLANG_WARN_BOOL_CONVERSION = YES;
				CLANG_WARN_CONSTANT_CONVERSION = YES;
				CLANG_WARN_DIRECT_OBJC_ISA_USAGE = YES_ERROR;
				CLANG_WARN_DOCUMENTATION_COMMENTS = YES;
				CLANG_WARN_EMPTY_BODY = YES;
				CLANG_WARN_ENUM_CONVERSION = YES;
				CLANG_WARN_INFINITE_RECURSION = YES;
				CLANG_WARN_INT_CONVERSION = YES;
				CLANG_WARN_OBJC_ROOT_CLASS = YES_ERROR;
				CLANG_WARN_SUSPICIOUS_MOVES = YES;
				CLANG_WARN_UNREACHABLE_CODE = YES;
				CLANG_WARN__DUPLICATE_METHOD_MATCH = YES;
				"CODE_SIGN_IDENTITY[sdk=iphoneos*]" = "iPhone Developer";
				COPY_PHASE_STRIP = NO;
				DEBUG_INFORMATION_FORMAT = "dwarf-with-dsym";
				ENABLE_NS_ASSERTIONS = NO;
				ENABLE_STRICT_OBJC_MSGSEND = YES;
				GCC_C_LANGUAGE_STANDARD = gnu99;
				GCC_NO_COMMON_BLOCKS = YES;
				GCC_WARN_64_TO_32_BIT_CONVERSION = YES;
				GCC_WARN_ABOUT_RETURN_TYPE = YES_ERROR;
				GCC_WARN_UNDECLARED_SELECTOR = YES;
				GCC_WARN_UNINITIALIZED_AUTOS = YES_AGGRESSIVE;
				GCC_WARN_UNUSED_FUNCTION = YES;
				GCC_WARN_UNUSED_VARIABLE = YES;
				IPHONEOS_DEPLOYMENT_TARGET = 10.0;
				MTL_ENABLE_DEBUG_INFO = NO;
				SDKROOT = iphoneos;
				SWIFT_OPTIMIZATION_LEVEL = "-Owholemodule";
				TARGETED_DEVICE_FAMILY = 2;
				VALIDATE_PRODUCT = YES;
			};
			name = Release;
		};
		E24E30401DC2754D00E6D6BD /* Debug */ = {
			isa = XCBuildConfiguration;
			buildSettings = {
				ALWAYS_EMBED_SWIFT_STANDARD_LIBRARIES = YES;
				ASSETCATALOG_COMPILER_APPICON_NAME = AppIcon;
				FRAMEWORK_SEARCH_PATHS = (
					"$(inherited)",
					"$(PROJECT_DIR)/AudioKit/Frameworks/AudioKit-iOS",
					"$(PROJECT_DIR)/AudioKit-iOS",
				);
				INFOPLIST_FILE = SuperSynthPro/Info.plist;
				LD_RUNPATH_SEARCH_PATHS = "$(inherited) @executable_path/Frameworks";
				PRODUCT_BUNDLE_IDENTIFIER = MagicConditionals.SuperSynthPro;
				PRODUCT_NAME = "$(TARGET_NAME)";
				SWIFT_VERSION = 3.0;
				TREAT_MISSING_BASELINES_AS_TEST_FAILURES = NO;
			};
			name = Debug;
		};
		E24E30411DC2754D00E6D6BD /* Release */ = {
			isa = XCBuildConfiguration;
			buildSettings = {
				ALWAYS_EMBED_SWIFT_STANDARD_LIBRARIES = YES;
				ASSETCATALOG_COMPILER_APPICON_NAME = AppIcon;
				ENABLE_TESTABILITY = YES;
				FRAMEWORK_SEARCH_PATHS = (
					"$(inherited)",
					"$(PROJECT_DIR)/AudioKit/Frameworks/AudioKit-iOS",
					"$(PROJECT_DIR)/AudioKit-iOS",
				);
				INFOPLIST_FILE = SuperSynthPro/Info.plist;
				LD_RUNPATH_SEARCH_PATHS = "$(inherited) @executable_path/Frameworks";
				PRODUCT_BUNDLE_IDENTIFIER = MagicConditionals.SuperSynthPro;
				PRODUCT_NAME = "$(TARGET_NAME)";
				SWIFT_VERSION = 3.0;
				TREAT_MISSING_BASELINES_AS_TEST_FAILURES = NO;
			};
			name = Release;
		};
		E24E30431DC2754D00E6D6BD /* Debug */ = {
			isa = XCBuildConfiguration;
			buildSettings = {
				ALWAYS_EMBED_SWIFT_STANDARD_LIBRARIES = YES;
				BUNDLE_LOADER = "$(TEST_HOST)";
				INFOPLIST_FILE = SuperSynthProTests/Info.plist;
				LD_RUNPATH_SEARCH_PATHS = "$(inherited) @executable_path/Frameworks @loader_path/Frameworks";
				PRODUCT_BUNDLE_IDENTIFIER = MagicConditionals.SuperSynthProTests;
				PRODUCT_NAME = "$(TARGET_NAME)";
				SWIFT_VERSION = 3.0;
				TEST_HOST = "$(BUILT_PRODUCTS_DIR)/SuperSynthPro.app/SuperSynthPro";
			};
			name = Debug;
		};
		E24E30441DC2754D00E6D6BD /* Release */ = {
			isa = XCBuildConfiguration;
			buildSettings = {
				ALWAYS_EMBED_SWIFT_STANDARD_LIBRARIES = YES;
				BUNDLE_LOADER = "$(TEST_HOST)";
				INFOPLIST_FILE = SuperSynthProTests/Info.plist;
				LD_RUNPATH_SEARCH_PATHS = "$(inherited) @executable_path/Frameworks @loader_path/Frameworks";
				PRODUCT_BUNDLE_IDENTIFIER = MagicConditionals.SuperSynthProTests;
				PRODUCT_NAME = "$(TARGET_NAME)";
				SWIFT_VERSION = 3.0;
				TEST_HOST = "$(BUILT_PRODUCTS_DIR)/SuperSynthPro.app/SuperSynthPro";
			};
			name = Release;
		};
/* End XCBuildConfiguration section */

/* Begin XCConfigurationList section */
		E24E301D1DC2754D00E6D6BD /* Build configuration list for PBXProject "SuperSynthPro" */ = {
			isa = XCConfigurationList;
			buildConfigurations = (
				E24E303D1DC2754D00E6D6BD /* Debug */,
				E24E303E1DC2754D00E6D6BD /* Release */,
			);
			defaultConfigurationIsVisible = 0;
			defaultConfigurationName = Release;
		};
		E24E303F1DC2754D00E6D6BD /* Build configuration list for PBXNativeTarget "SuperSynthPro" */ = {
			isa = XCConfigurationList;
			buildConfigurations = (
				E24E30401DC2754D00E6D6BD /* Debug */,
				E24E30411DC2754D00E6D6BD /* Release */,
			);
			defaultConfigurationIsVisible = 0;
			defaultConfigurationName = Release;
		};
		E24E30421DC2754D00E6D6BD /* Build configuration list for PBXNativeTarget "SuperSynthProTests" */ = {
			isa = XCConfigurationList;
			buildConfigurations = (
				E24E30431DC2754D00E6D6BD /* Debug */,
				E24E30441DC2754D00E6D6BD /* Release */,
			);
			defaultConfigurationIsVisible = 0;
			defaultConfigurationName = Release;
		};
/* End XCConfigurationList section */
	};
	rootObject = E24E301A1DC2754D00E6D6BD /* Project object */;
}
